
Microsoft Visual Studio Solution File, Format Version 12.00
# Visual Studio Version 16
VisualStudioVersion = 16.0.30717.126
MinimumVisualStudioVersion = 10.0.40219.1
Project("{FAE04EC0-301F-11D3-BF4B-00C04F79EFBC}") = "ProgramExporterImporter", "ProgramExporterImporter.csproj", "{53BC1FCA-7412-49D5-88FC-75F66C753B97}"
EndProject
Global
	GlobalSection(SolutionConfigurationPlatforms) = preSolution
		Debug|Any CPU = Debug|Any CPU
		Release|Any CPU = Release|Any CPU
	EndGlobalSection
	GlobalSection(ProjectConfigurationPlatforms) = postSolution
		{53BC1FCA-7412-49D5-88FC-75F66C753B97}.Debug|Any CPU.ActiveCfg = Debug|Any CPU
		{53BC1FCA-7412-49D5-88FC-75F66C753B97}.Debug|Any CPU.Build.0 = Debug|Any CPU
		{53BC1FCA-7412-49D5-88FC-75F66C753B97}.Release|Any CPU.ActiveCfg = Release|Any CPU
		{53BC1FCA-7412-49D5-88FC-75F66C753B97}.Release|Any CPU.Build.0 = Release|Any CPU
	EndGlobalSection
	GlobalSection(SolutionProperties) = preSolution
		HideSolutionNode = FALSE
	EndGlobalSection
	GlobalSection(ExtensibilityGlobals) = postSolution
		SolutionGuid = {97CFF48B-1436-42EB-96F2-BB4A1755CEAE}
	EndGlobalSection
EndGlobal
